
Microsoft Visual Studio Solution File, Format Version 12.00
# Visual Studio Version 16
VisualStudioVersion = 16.0.30011.22
MinimumVisualStudioVersion = 10.0.40219.1
Project("{FAE04EC0-301F-11D3-BF4B-00C04F79EFBC}") = "Leetcodecsharp", "Leetcodecsharp\Leetcodecsharp.csproj", "{97439122-5DCB-4303-9B1E-DB5B9E49D067}"
EndProject
Global
	GlobalSection(SolutionConfigurationPlatforms) = preSolution
		Debug|Any CPU = Debug|Any CPU
		Release|Any CPU = Release|Any CPU
	EndGlobalSection
	GlobalSection(ProjectConfigurationPlatforms) = postSolution
		{97439122-5DCB-4303-9B1E-DB5B9E49D067}.Debug|Any CPU.ActiveCfg = Debug|Any CPU
		{97439122-5DCB-4303-9B1E-DB5B9E49D067}.Debug|Any CPU.Build.0 = Debug|Any CPU
		{97439122-5DCB-4303-9B1E-DB5B9E49D067}.Release|Any CPU.ActiveCfg = Release|Any CPU
		{97439122-5DCB-4303-9B1E-DB5B9E49D067}.Release|Any CPU.Build.0 = Release|Any CPU
	EndGlobalSection
	GlobalSection(SolutionProperties) = preSolution
		HideSolutionNode = FALSE
	EndGlobalSection
	GlobalSection(ExtensibilityGlobals) = postSolution
		SolutionGuid = {A77AF445-9BB2-4525-A554-DD9B50943F56}
	EndGlobalSection
EndGlobal
