
Microsoft Visual Studio Solution File, Format Version 12.00
# Visual Studio Version 17
VisualStudioVersion = 17.0.31717.71
MinimumVisualStudioVersion = 10.0.40219.1
Project("{9A19103F-16F7-4668-BE54-9A1E7A4F7556}") = "Leetcodecsharp", "Leetcodecsharp\Leetcodecsharp.csproj", "{97439122-5DCB-4303-9B1E-DB5B9E49D067}"
EndProject
Project("{9A19103F-16F7-4668-BE54-9A1E7A4F7556}") = "Leetcodecsharp.Test", "Leetcodecsharp.Test\Leetcodecsharp.Test.csproj", "{6C3E993F-7A94-4C71-9EE0-A21D330726EC}"
EndProject
Project("{9A19103F-16F7-4668-BE54-9A1E7A4F7556}") = "Leetcodecsharp.DataStructure", "Leetcodecsharp.DataStructure\Leetcodecsharp.DataStructure.csproj", "{A8AFF516-48AA-4D0D-BCA0-BE0A438D87F8}"
EndProject
Project("{2150E333-8FDC-42A3-9474-1A3956D46DE8}") = "Solution Items", "Solution Items", "{DE17C021-2880-48C4-817A-70B054823DB7}"
	ProjectSection(SolutionItems) = preProject
		.editorconfig = .editorconfig
	EndProjectSection
EndProject
Global
	GlobalSection(SolutionConfigurationPlatforms) = preSolution
		Debug|Any CPU = Debug|Any CPU
		Release|Any CPU = Release|Any CPU
	EndGlobalSection
	GlobalSection(ProjectConfigurationPlatforms) = postSolution
		{97439122-5DCB-4303-9B1E-DB5B9E49D067}.Debug|Any CPU.ActiveCfg = Debug|Any CPU
		{97439122-5DCB-4303-9B1E-DB5B9E49D067}.Debug|Any CPU.Build.0 = Debug|Any CPU
		{97439122-5DCB-4303-9B1E-DB5B9E49D067}.Release|Any CPU.ActiveCfg = Release|Any CPU
		{97439122-5DCB-4303-9B1E-DB5B9E49D067}.Release|Any CPU.Build.0 = Release|Any CPU
		{6C3E993F-7A94-4C71-9EE0-A21D330726EC}.Debug|Any CPU.ActiveCfg = Debug|Any CPU
		{6C3E993F-7A94-4C71-9EE0-A21D330726EC}.Debug|Any CPU.Build.0 = Debug|Any CPU
		{6C3E993F-7A94-4C71-9EE0-A21D330726EC}.Release|Any CPU.ActiveCfg = Release|Any CPU
		{6C3E993F-7A94-4C71-9EE0-A21D330726EC}.Release|Any CPU.Build.0 = Release|Any CPU
		{A8AFF516-48AA-4D0D-BCA0-BE0A438D87F8}.Debug|Any CPU.ActiveCfg = Debug|Any CPU
		{A8AFF516-48AA-4D0D-BCA0-BE0A438D87F8}.Debug|Any CPU.Build.0 = Debug|Any CPU
		{A8AFF516-48AA-4D0D-BCA0-BE0A438D87F8}.Release|Any CPU.ActiveCfg = Release|Any CPU
		{A8AFF516-48AA-4D0D-BCA0-BE0A438D87F8}.Release|Any CPU.Build.0 = Release|Any CPU
	EndGlobalSection
	GlobalSection(SolutionProperties) = preSolution
		HideSolutionNode = FALSE
	EndGlobalSection
	GlobalSection(ExtensibilityGlobals) = postSolution
		SolutionGuid = {A77AF445-9BB2-4525-A554-DD9B50943F56}
	EndGlobalSection
EndGlobal
