
Microsoft Visual Studio Solution File, Format Version 12.00
# Visual Studio Version 17
VisualStudioVersion = 17.0.31717.71
MinimumVisualStudioVersion = 10.0.40219.1
Project("{9A19103F-16F7-4668-BE54-9A1E7A4F7556}") = "Leetcode", "Leetcode\Leetcode.csproj", "{97439122-5DCB-4303-9B1E-DB5B9E49D067}"
EndProject
Project("{9A19103F-16F7-4668-BE54-9A1E7A4F7556}") = "Leetcode.Test", "Leetcode.Test\Leetcode.Test.csproj", "{6C3E993F-7A94-4C71-9EE0-A21D330726EC}"
EndProject
Project("{9A19103F-16F7-4668-BE54-9A1E7A4F7556}") = "Leetcode.DataStructure", "Leetcode.DataStructure\Leetcode.DataStructure.csproj", "{A8AFF516-48AA-4D0D-BCA0-BE0A438D87F8}"
EndProject
Project("{2150E333-8FDC-42A3-9474-1A3956D46DE8}") = "Solution Items", "Solution Items", "{DE17C021-2880-48C4-817A-70B054823DB7}"
	ProjectSection(SolutionItems) = preProject
		.editorconfig = .editorconfig
	EndProjectSection
EndProject
Project("{9A19103F-16F7-4668-BE54-9A1E7A4F7556}") = "Leetcode.WinUI", "Leetcode.WinUI\Leetcode.WinUI.csproj", "{8E87CE09-7C72-4A74-AB9F-B362C1294635}"
EndProject
Project("{9A19103F-16F7-4668-BE54-9A1E7A4F7556}") = "Leetcode.WinUI.Core", "Leetcode.WinUI.Core\Leetcode.WinUI.Core.csproj", "{1661D34E-16BC-4836-BFF7-2738CE969A96}"
EndProject
Project("{FAE04EC0-301F-11D3-BF4B-00C04F79EFBC}") = "Leetcode.Infrastrcture", "Leetcode.Infrastrcture\Leetcode.Infrastrcture.csproj", "{B3E0C81D-5387-4D54-A949-141D8744F177}"
EndProject
Global
	GlobalSection(SolutionConfigurationPlatforms) = preSolution
		Debug|Any CPU = Debug|Any CPU
		Debug|arm64 = Debug|arm64
		Debug|x64 = Debug|x64
		Debug|x86 = Debug|x86
		Release|Any CPU = Release|Any CPU
		Release|arm64 = Release|arm64
		Release|x64 = Release|x64
		Release|x86 = Release|x86
	EndGlobalSection
	GlobalSection(ProjectConfigurationPlatforms) = postSolution
		{97439122-5DCB-4303-9B1E-DB5B9E49D067}.Debug|Any CPU.ActiveCfg = Debug|Any CPU
		{97439122-5DCB-4303-9B1E-DB5B9E49D067}.Debug|Any CPU.Build.0 = Debug|Any CPU
		{97439122-5DCB-4303-9B1E-DB5B9E49D067}.Debug|arm64.ActiveCfg = Debug|Any CPU
		{97439122-5DCB-4303-9B1E-DB5B9E49D067}.Debug|arm64.Build.0 = Debug|Any CPU
		{97439122-5DCB-4303-9B1E-DB5B9E49D067}.Debug|x64.ActiveCfg = Debug|Any CPU
		{97439122-5DCB-4303-9B1E-DB5B9E49D067}.Debug|x64.Build.0 = Debug|Any CPU
		{97439122-5DCB-4303-9B1E-DB5B9E49D067}.Debug|x86.ActiveCfg = Debug|Any CPU
		{97439122-5DCB-4303-9B1E-DB5B9E49D067}.Debug|x86.Build.0 = Debug|Any CPU
		{97439122-5DCB-4303-9B1E-DB5B9E49D067}.Release|Any CPU.ActiveCfg = Release|Any CPU
		{97439122-5DCB-4303-9B1E-DB5B9E49D067}.Release|Any CPU.Build.0 = Release|Any CPU
		{97439122-5DCB-4303-9B1E-DB5B9E49D067}.Release|arm64.ActiveCfg = Release|Any CPU
		{97439122-5DCB-4303-9B1E-DB5B9E49D067}.Release|arm64.Build.0 = Release|Any CPU
		{97439122-5DCB-4303-9B1E-DB5B9E49D067}.Release|x64.ActiveCfg = Release|Any CPU
		{97439122-5DCB-4303-9B1E-DB5B9E49D067}.Release|x64.Build.0 = Release|Any CPU
		{97439122-5DCB-4303-9B1E-DB5B9E49D067}.Release|x86.ActiveCfg = Release|Any CPU
		{97439122-5DCB-4303-9B1E-DB5B9E49D067}.Release|x86.Build.0 = Release|Any CPU
		{6C3E993F-7A94-4C71-9EE0-A21D330726EC}.Debug|Any CPU.ActiveCfg = Debug|Any CPU
		{6C3E993F-7A94-4C71-9EE0-A21D330726EC}.Debug|Any CPU.Build.0 = Debug|Any CPU
		{6C3E993F-7A94-4C71-9EE0-A21D330726EC}.Debug|arm64.ActiveCfg = Debug|Any CPU
		{6C3E993F-7A94-4C71-9EE0-A21D330726EC}.Debug|arm64.Build.0 = Debug|Any CPU
		{6C3E993F-7A94-4C71-9EE0-A21D330726EC}.Debug|x64.ActiveCfg = Debug|Any CPU
		{6C3E993F-7A94-4C71-9EE0-A21D330726EC}.Debug|x64.Build.0 = Debug|Any CPU
		{6C3E993F-7A94-4C71-9EE0-A21D330726EC}.Debug|x86.ActiveCfg = Debug|Any CPU
		{6C3E993F-7A94-4C71-9EE0-A21D330726EC}.Debug|x86.Build.0 = Debug|Any CPU
		{6C3E993F-7A94-4C71-9EE0-A21D330726EC}.Release|Any CPU.ActiveCfg = Release|Any CPU
		{6C3E993F-7A94-4C71-9EE0-A21D330726EC}.Release|Any CPU.Build.0 = Release|Any CPU
		{6C3E993F-7A94-4C71-9EE0-A21D330726EC}.Release|arm64.ActiveCfg = Release|Any CPU
		{6C3E993F-7A94-4C71-9EE0-A21D330726EC}.Release|arm64.Build.0 = Release|Any CPU
		{6C3E993F-7A94-4C71-9EE0-A21D330726EC}.Release|x64.ActiveCfg = Release|Any CPU
		{6C3E993F-7A94-4C71-9EE0-A21D330726EC}.Release|x64.Build.0 = Release|Any CPU
		{6C3E993F-7A94-4C71-9EE0-A21D330726EC}.Release|x86.ActiveCfg = Release|Any CPU
		{6C3E993F-7A94-4C71-9EE0-A21D330726EC}.Release|x86.Build.0 = Release|Any CPU
		{A8AFF516-48AA-4D0D-BCA0-BE0A438D87F8}.Debug|Any CPU.ActiveCfg = Debug|Any CPU
		{A8AFF516-48AA-4D0D-BCA0-BE0A438D87F8}.Debug|Any CPU.Build.0 = Debug|Any CPU
		{A8AFF516-48AA-4D0D-BCA0-BE0A438D87F8}.Debug|arm64.ActiveCfg = Debug|Any CPU
		{A8AFF516-48AA-4D0D-BCA0-BE0A438D87F8}.Debug|arm64.Build.0 = Debug|Any CPU
		{A8AFF516-48AA-4D0D-BCA0-BE0A438D87F8}.Debug|x64.ActiveCfg = Debug|Any CPU
		{A8AFF516-48AA-4D0D-BCA0-BE0A438D87F8}.Debug|x64.Build.0 = Debug|Any CPU
		{A8AFF516-48AA-4D0D-BCA0-BE0A438D87F8}.Debug|x86.ActiveCfg = Debug|Any CPU
		{A8AFF516-48AA-4D0D-BCA0-BE0A438D87F8}.Debug|x86.Build.0 = Debug|Any CPU
		{A8AFF516-48AA-4D0D-BCA0-BE0A438D87F8}.Release|Any CPU.ActiveCfg = Release|Any CPU
		{A8AFF516-48AA-4D0D-BCA0-BE0A438D87F8}.Release|Any CPU.Build.0 = Release|Any CPU
		{A8AFF516-48AA-4D0D-BCA0-BE0A438D87F8}.Release|arm64.ActiveCfg = Release|Any CPU
		{A8AFF516-48AA-4D0D-BCA0-BE0A438D87F8}.Release|arm64.Build.0 = Release|Any CPU
		{A8AFF516-48AA-4D0D-BCA0-BE0A438D87F8}.Release|x64.ActiveCfg = Release|Any CPU
		{A8AFF516-48AA-4D0D-BCA0-BE0A438D87F8}.Release|x64.Build.0 = Release|Any CPU
		{A8AFF516-48AA-4D0D-BCA0-BE0A438D87F8}.Release|x86.ActiveCfg = Release|Any CPU
		{A8AFF516-48AA-4D0D-BCA0-BE0A438D87F8}.Release|x86.Build.0 = Release|Any CPU
		{8E87CE09-7C72-4A74-AB9F-B362C1294635}.Debug|Any CPU.ActiveCfg = Debug|x64
		{8E87CE09-7C72-4A74-AB9F-B362C1294635}.Debug|Any CPU.Build.0 = Debug|x64
		{8E87CE09-7C72-4A74-AB9F-B362C1294635}.Debug|Any CPU.Deploy.0 = Debug|x64
		{8E87CE09-7C72-4A74-AB9F-B362C1294635}.Debug|arm64.ActiveCfg = Debug|arm64
		{8E87CE09-7C72-4A74-AB9F-B362C1294635}.Debug|arm64.Build.0 = Debug|arm64
		{8E87CE09-7C72-4A74-AB9F-B362C1294635}.Debug|arm64.Deploy.0 = Debug|arm64
		{8E87CE09-7C72-4A74-AB9F-B362C1294635}.Debug|x64.ActiveCfg = Debug|x64
		{8E87CE09-7C72-4A74-AB9F-B362C1294635}.Debug|x64.Build.0 = Debug|x64
		{8E87CE09-7C72-4A74-AB9F-B362C1294635}.Debug|x64.Deploy.0 = Debug|x64
		{8E87CE09-7C72-4A74-AB9F-B362C1294635}.Debug|x86.ActiveCfg = Debug|x86
		{8E87CE09-7C72-4A74-AB9F-B362C1294635}.Debug|x86.Build.0 = Debug|x86
		{8E87CE09-7C72-4A74-AB9F-B362C1294635}.Debug|x86.Deploy.0 = Debug|x86
		{8E87CE09-7C72-4A74-AB9F-B362C1294635}.Release|Any CPU.ActiveCfg = Release|x64
		{8E87CE09-7C72-4A74-AB9F-B362C1294635}.Release|Any CPU.Build.0 = Release|x64
		{8E87CE09-7C72-4A74-AB9F-B362C1294635}.Release|Any CPU.Deploy.0 = Release|x64
		{8E87CE09-7C72-4A74-AB9F-B362C1294635}.Release|arm64.ActiveCfg = Release|arm64
		{8E87CE09-7C72-4A74-AB9F-B362C1294635}.Release|arm64.Build.0 = Release|arm64
		{8E87CE09-7C72-4A74-AB9F-B362C1294635}.Release|arm64.Deploy.0 = Release|arm64
		{8E87CE09-7C72-4A74-AB9F-B362C1294635}.Release|x64.ActiveCfg = Release|x64
		{8E87CE09-7C72-4A74-AB9F-B362C1294635}.Release|x64.Build.0 = Release|x64
		{8E87CE09-7C72-4A74-AB9F-B362C1294635}.Release|x64.Deploy.0 = Release|x64
		{8E87CE09-7C72-4A74-AB9F-B362C1294635}.Release|x86.ActiveCfg = Release|x86
		{8E87CE09-7C72-4A74-AB9F-B362C1294635}.Release|x86.Build.0 = Release|x86
		{8E87CE09-7C72-4A74-AB9F-B362C1294635}.Release|x86.Deploy.0 = Release|x86
		{1661D34E-16BC-4836-BFF7-2738CE969A96}.Debug|Any CPU.ActiveCfg = Debug|Any CPU
		{1661D34E-16BC-4836-BFF7-2738CE969A96}.Debug|Any CPU.Build.0 = Debug|Any CPU
		{1661D34E-16BC-4836-BFF7-2738CE969A96}.Debug|arm64.ActiveCfg = Debug|arm64
		{1661D34E-16BC-4836-BFF7-2738CE969A96}.Debug|arm64.Build.0 = Debug|arm64
		{1661D34E-16BC-4836-BFF7-2738CE969A96}.Debug|x64.ActiveCfg = Debug|x64
		{1661D34E-16BC-4836-BFF7-2738CE969A96}.Debug|x64.Build.0 = Debug|x64
		{1661D34E-16BC-4836-BFF7-2738CE969A96}.Debug|x86.ActiveCfg = Debug|x86
		{1661D34E-16BC-4836-BFF7-2738CE969A96}.Debug|x86.Build.0 = Debug|x86
		{1661D34E-16BC-4836-BFF7-2738CE969A96}.Release|Any CPU.ActiveCfg = Release|Any CPU
		{1661D34E-16BC-4836-BFF7-2738CE969A96}.Release|Any CPU.Build.0 = Release|Any CPU
		{1661D34E-16BC-4836-BFF7-2738CE969A96}.Release|arm64.ActiveCfg = Release|arm64
		{1661D34E-16BC-4836-BFF7-2738CE969A96}.Release|arm64.Build.0 = Release|arm64
		{1661D34E-16BC-4836-BFF7-2738CE969A96}.Release|x64.ActiveCfg = Release|x64
		{1661D34E-16BC-4836-BFF7-2738CE969A96}.Release|x64.Build.0 = Release|x64
		{1661D34E-16BC-4836-BFF7-2738CE969A96}.Release|x86.ActiveCfg = Release|x86
		{1661D34E-16BC-4836-BFF7-2738CE969A96}.Release|x86.Build.0 = Release|x86
		{B3E0C81D-5387-4D54-A949-141D8744F177}.Debug|Any CPU.ActiveCfg = Debug|Any CPU
		{B3E0C81D-5387-4D54-A949-141D8744F177}.Debug|Any CPU.Build.0 = Debug|Any CPU
		{B3E0C81D-5387-4D54-A949-141D8744F177}.Debug|arm64.ActiveCfg = Debug|Any CPU
		{B3E0C81D-5387-4D54-A949-141D8744F177}.Debug|arm64.Build.0 = Debug|Any CPU
		{B3E0C81D-5387-4D54-A949-141D8744F177}.Debug|x64.ActiveCfg = Debug|Any CPU
		{B3E0C81D-5387-4D54-A949-141D8744F177}.Debug|x64.Build.0 = Debug|Any CPU
		{B3E0C81D-5387-4D54-A949-141D8744F177}.Debug|x86.ActiveCfg = Debug|Any CPU
		{B3E0C81D-5387-4D54-A949-141D8744F177}.Debug|x86.Build.0 = Debug|Any CPU
		{B3E0C81D-5387-4D54-A949-141D8744F177}.Release|Any CPU.ActiveCfg = Release|Any CPU
		{B3E0C81D-5387-4D54-A949-141D8744F177}.Release|Any CPU.Build.0 = Release|Any CPU
		{B3E0C81D-5387-4D54-A949-141D8744F177}.Release|arm64.ActiveCfg = Release|Any CPU
		{B3E0C81D-5387-4D54-A949-141D8744F177}.Release|arm64.Build.0 = Release|Any CPU
		{B3E0C81D-5387-4D54-A949-141D8744F177}.Release|x64.ActiveCfg = Release|Any CPU
		{B3E0C81D-5387-4D54-A949-141D8744F177}.Release|x64.Build.0 = Release|Any CPU
		{B3E0C81D-5387-4D54-A949-141D8744F177}.Release|x86.ActiveCfg = Release|Any CPU
		{B3E0C81D-5387-4D54-A949-141D8744F177}.Release|x86.Build.0 = Release|Any CPU
	EndGlobalSection
	GlobalSection(SolutionProperties) = preSolution
		HideSolutionNode = FALSE
	EndGlobalSection
	GlobalSection(ExtensibilityGlobals) = postSolution
		SolutionGuid = {A77AF445-9BB2-4525-A554-DD9B50943F56}
	EndGlobalSection
EndGlobal
